
Microsoft Visual Studio Solution File, Format Version 12.00
# Visual Studio 15
VisualStudioVersion = 15.0.28307.539
MinimumVisualStudioVersion = 10.0.40219.1
Project("{E24C65DC-7377-472B-9ABA-BC803B73C61A}") = "Prashant portfolio", ".", "{B6FE9A1E-2EB2-4F7D-8934-AF6A513DB8B9}"
	ProjectSection(WebsiteProperties) = preProject
		TargetFrameworkMoniker = ".NETFramework,Version%3Dv4.0"
		Debug.AspNetCompiler.VirtualPath = "/localhost_53171"
		Debug.AspNetCompiler.PhysicalPath = "..\Prashant portfolio\"
		Debug.AspNetCompiler.TargetPath = "PrecompiledWeb\localhost_53171\"
		Debug.AspNetCompiler.Updateable = "true"
		Debug.AspNetCompiler.ForceOverwrite = "true"
		Debug.AspNetCompiler.FixedNames = "false"
		Debug.AspNetCompiler.Debug = "True"
		Release.AspNetCompiler.VirtualPath = "/localhost_53171"
		Release.AspNetCompiler.PhysicalPath = "..\Prashant portfolio\"
		Release.AspNetCompiler.TargetPath = "PrecompiledWeb\localhost_53171\"
		Release.AspNetCompiler.Updateable = "true"
		Release.AspNetCompiler.ForceOverwrite = "true"
		Release.AspNetCompiler.FixedNames = "false"
		Release.AspNetCompiler.Debug = "False"
		VWDPort = "53171"
	EndProjectSection
EndProject
Global
	GlobalSection(SolutionConfigurationPlatforms) = preSolution
		Debug|Any CPU = Debug|Any CPU
	EndGlobalSection
	GlobalSection(ProjectConfigurationPlatforms) = postSolution
		{B6FE9A1E-2EB2-4F7D-8934-AF6A513DB8B9}.Debug|Any CPU.ActiveCfg = Debug|Any CPU
		{B6FE9A1E-2EB2-4F7D-8934-AF6A513DB8B9}.Debug|Any CPU.Build.0 = Debug|Any CPU
	EndGlobalSection
	GlobalSection(SolutionProperties) = preSolution
		HideSolutionNode = FALSE
	EndGlobalSection
	GlobalSection(ExtensibilityGlobals) = postSolution
		SolutionGuid = {18C9858B-3660-4FDD-9CD0-F21D6ED63A06}
	EndGlobalSection
EndGlobal
